PODS:
  - DayNightSwitch (0.0.1)

DEPENDENCIES:
  - DayNightSwitch (from `https://github.com/finngaida/DayNightSwitch.git`)

EXTERNAL SOURCES:
  DayNightSwitch:
    :git: https://github.com/finngaida/DayNightSwitch.git

CHECKOUT OPTIONS:
  DayNightSwitch:
    :commit: f377cca996594a477498cfcf1c23166bce9cce4c
    :git: https://github.com/finngaida/DayNightSwitch.git

SPEC CHECKSUMS:
  DayNightSwitch: a5cfb564bf796a0383cc95700ae37b7b43bc1f88

PODFILE CHECKSUM: 05cb4be506bff900dd35885a3d95fcfc0d5d35e3

COCOAPODS: 1.5.0
